{
  "nodes": {
    "nixpkgs": {
      "locked": {
        "lastModified": 1766902085,
        "narHash": "sha256-coBu0ONtFzlwwVBzmjacUQwj3G+lybcZ1oeNSQkgC0M=",
        "owner": "NixOS",
        "repo": "nixpkgs",
        "rev": "c0b0e0fddf73fd517c3471e546c0df87a42d53f4",
        "type": "github"
      },
      "original": {
        "owner": "NixOS",
        "ref": "nixos-unstable",
        "repo": "nixpkgs",
        "type": "github"
      }
    },
    "root": {
      "inputs": {
        "nixpkgs": "nixpkgs",
        "vpsadminos": "vpsadminos"
      }
    },
    "vpsadminos": {
      "locked": {
        "lastModified": 1767040486,
        "narHash": "sha256-fM8pt0jA0h4iev+cyYHuodFDLElfEcgNCmc4u/7/0nk=",
        "owner": "vpsfreecz",
        "repo": "vpsadminos",
        "rev": "0fe231243e2b1b7eb61e3a0f9de61c03d7ceaf61",
        "type": "github"
      },
      "original": {
        "owner": "vpsfreecz",
        "ref": "staging",
        "repo": "vpsadminos",
        "type": "github"
      }
    }
  },
  "root": "root",
  "version": 7
}
