{
  "nodes": {
    "nixpkgs": {
      "locked": {
        "lastModified": 1764517877,
        "narHash": "sha256-pp3uT4hHijIC8JUK5MEqeAWmParJrgBVzHLNfJDZxg4=",
        "owner": "NixOS",
        "repo": "nixpkgs",
        "rev": "2d293cbfa5a793b4c50d17c05ef9e385b90edf6c",
        "type": "github"
      },
      "original": {
        "owner": "NixOS",
        "ref": "nixos-unstable",
        "repo": "nixpkgs",
        "type": "github"
      }
    },
    "root": {
      "inputs": {
        "nixpkgs": "nixpkgs",
        "vpsadminos": "vpsadminos"
      }
    },
    "vpsadminos": {
      "locked": {
        "lastModified": 1764110872,
        "narHash": "sha256-uZhVLzNVXEEztyG5okuH8DVbWYVPDGSiAapRmerueZY=",
        "owner": "vpsfreecz",
        "repo": "vpsadminos",
        "rev": "f6919d00dfd15faec276d6a0ac95668b2c1e3a28",
        "type": "github"
      },
      "original": {
        "owner": "vpsfreecz",
        "ref": "staging",
        "repo": "vpsadminos",
        "type": "github"
      }
    }
  },
  "root": "root",
  "version": 7
}
